
Microsoft Visual Studio Solution File, Format Version 12.00
# Visual Studio Version 17
VisualStudioVersion = 17.14.37111.16 d17.14
MinimumVisualStudioVersion = 10.0.40219.1
Project("{FAE04EC0-301F-11D3-BF4B-00C04F79EFBC}") = "Liste2", "Liste2\Liste2.csproj", "{07D06F2F-C840-4B03-AD6D-3362006EDCC0}"
EndProject
Global
	GlobalSection(SolutionConfigurationPlatforms) = preSolution
		Debug|Any CPU = Debug|Any CPU
		Release|Any CPU = Release|Any CPU
	EndGlobalSection
	GlobalSection(ProjectConfigurationPlatforms) = postSolution
		{07D06F2F-C840-4B03-AD6D-3362006EDCC0}.Debug|Any CPU.ActiveCfg = Debug|Any CPU
		{07D06F2F-C840-4B03-AD6D-3362006EDCC0}.Debug|Any CPU.Build.0 = Debug|Any CPU
		{07D06F2F-C840-4B03-AD6D-3362006EDCC0}.Release|Any CPU.ActiveCfg = Release|Any CPU
		{07D06F2F-C840-4B03-AD6D-3362006EDCC0}.Release|Any CPU.Build.0 = Release|Any CPU
	EndGlobalSection
	GlobalSection(SolutionProperties) = preSolution
		HideSolutionNode = FALSE
	EndGlobalSection
	GlobalSection(ExtensibilityGlobals) = postSolution
		SolutionGuid = {8EC18041-CEE6-47E3-8350-DDFC5EC1DE1D}
	EndGlobalSection
EndGlobal
